
Microsoft Visual Studio Solution File, Format Version 12.00
# Visual Studio Version 16
VisualStudioVersion = 16.0.29613.14
MinimumVisualStudioVersion = 10.0.40219.1
Project("{888888A0-9F3D-457C-B088-3A5042F75D52}") = "Parsing", "Parsing\Parsing.pyproj", "{3641E089-FC89-4F91-B7C7-283576A6B837}"
EndProject
Global
	GlobalSection(SolutionConfigurationPlatforms) = preSolution
		Debug|Any CPU = Debug|Any CPU
		Release|Any CPU = Release|Any CPU
	EndGlobalSection
	GlobalSection(ProjectConfigurationPlatforms) = postSolution
		{3641E089-FC89-4F91-B7C7-283576A6B837}.Debug|Any CPU.ActiveCfg = Debug|Any CPU
		{3641E089-FC89-4F91-B7C7-283576A6B837}.Release|Any CPU.ActiveCfg = Release|Any CPU
	EndGlobalSection
	GlobalSection(SolutionProperties) = preSolution
		HideSolutionNode = FALSE
	EndGlobalSection
	GlobalSection(ExtensibilityGlobals) = postSolution
		SolutionGuid = {F7C7B796-ADAE-4006-8FB1-4A069D1387CB}
	EndGlobalSection
EndGlobal
